
Microsoft Visual Studio Solution File, Format Version 12.00
# Visual Studio Version 17
VisualStudioVersion = 17.11.35327.3
MinimumVisualStudioVersion = 10.0.40219.1
Project("{FAE04EC0-301F-11D3-BF4B-00C04F79EFBC}") = "StickyTimer", "StickyTimer.csproj", "{3D7A43F1-C42C-4396-85DE-8427DA3F1721}"
EndProject
Global
	GlobalSection(SolutionConfigurationPlatforms) = preSolution
		Debug|Any CPU = Debug|Any CPU
		Release|Any CPU = Release|Any CPU
	EndGlobalSection
	GlobalSection(ProjectConfigurationPlatforms) = postSolution
		{3D7A43F1-C42C-4396-85DE-8427DA3F1721}.Debug|Any CPU.ActiveCfg = Debug|Any CPU
		{3D7A43F1-C42C-4396-85DE-8427DA3F1721}.Debug|Any CPU.Build.0 = Debug|Any CPU
		{3D7A43F1-C42C-4396-85DE-8427DA3F1721}.Release|Any CPU.ActiveCfg = Release|Any CPU
		{3D7A43F1-C42C-4396-85DE-8427DA3F1721}.Release|Any CPU.Build.0 = Release|Any CPU
	EndGlobalSection
	GlobalSection(SolutionProperties) = preSolution
		HideSolutionNode = FALSE
	EndGlobalSection
	GlobalSection(ExtensibilityGlobals) = postSolution
		SolutionGuid = {1B1BBD6B-55C2-4E5D-B417-06B5A2E075ED}
	EndGlobalSection
EndGlobal
